// !$*UTF8*$!
{
	archiveVersion = 1;
	classes = {
	};
	objectVersion = 50;
	objects = {

/* Begin PBXBuildFile section */
		9085E8DE25F7747E00C0E1F0 /* tracker.cpp in Sources */ = {isa = PBXBuildFile; fileRef = 9085E8DD25F7747E00C0E1F0 /* tracker.cpp */; };
		9085E8EF25F7763200C0E1F0 /* CSVFile.cpp in Sources */ = {isa = PBXBuildFile; fileRef = 9085E8EE25F7763200C0E1F0 /* CSVFile.cpp */; };
		9085E8F425F7768F00C0E1F0 /* CSVrow.cpp in Sources */ = {isa = PBXBuildFile; fileRef = 9085E8F325F7768F00C0E1F0 /* CSVrow.cpp */; };
		9085E8F825F776B100C0E1F0 /* DataFeeder.cpp in Sources */ = {isa = PBXBuildFile; fileRef = 9085E8F725F776B100C0E1F0 /* DataFeeder.cpp */; };
		9085E8FB25F776C500C0E1F0 /* Email.cpp in Sources */ = {isa = PBXBuildFile; fileRef = 9085E8FA25F776C500C0E1F0 /* Email.cpp */; };
		9085E8FE25F7786800C0E1F0 /* HistoryAnalyzer.cpp in Sources */ = {isa = PBXBuildFile; fileRef = 9085E8FD25F7786800C0E1F0 /* HistoryAnalyzer.cpp */; };
		9085E90125F7787A00C0E1F0 /* JSONProcessor.cpp in Sources */ = {isa = PBXBuildFile; fileRef = 9085E90025F7787A00C0E1F0 /* JSONProcessor.cpp */; };
		9085E90425F7788A00C0E1F0 /* Oauth.cpp in Sources */ = {isa = PBXBuildFile; fileRef = 9085E90325F7788A00C0E1F0 /* Oauth.cpp */; };
		9085E90725F778C100C0E1F0 /* RSITool.cpp in Sources */ = {isa = PBXBuildFile; fileRef = 9085E90625F778C100C0E1F0 /* RSITool.cpp */; };
		9085E90A25F778D300C0E1F0 /* Settings.cpp in Sources */ = {isa = PBXBuildFile; fileRef = 9085E90925F778D300C0E1F0 /* Settings.cpp */; };
		9085E90D25F778EC00C0E1F0 /* SnapshotAnalyzer.cpp in Sources */ = {isa = PBXBuildFile; fileRef = 9085E90C25F778EC00C0E1F0 /* SnapshotAnalyzer.cpp */; };
		9085E91F25F779C900C0E1F0 /* libssl.a in Frameworks */ = {isa = PBXBuildFile; fileRef = 9085E91E25F779C900C0E1F0 /* libssl.a */; };
		9085E92225F779E900C0E1F0 /* libcurl.a in Frameworks */ = {isa = PBXBuildFile; fileRef = 9085E92125F779E900C0E1F0 /* libcurl.a */; };
		9085E92525F77A1900C0E1F0 /* libcrypto.a in Frameworks */ = {isa = PBXBuildFile; fileRef = 9085E92425F77A1900C0E1F0 /* libcrypto.a */; };
		9085E92A25F77B3100C0E1F0 /* libPocoFoundationd.a in Frameworks */ = {isa = PBXBuildFile; fileRef = 9085E92925F77B3100C0E1F0 /* libPocoFoundationd.a */; };
		9085E93425F77BAD00C0E1F0 /* libPocoXMLd.a in Frameworks */ = {isa = PBXBuildFile; fileRef = 9085E92E25F77BAD00C0E1F0 /* libPocoXMLd.a */; };
		9085E93525F77BAD00C0E1F0 /* libPocoNetSSLd.a in Frameworks */ = {isa = PBXBuildFile; fileRef = 9085E92F25F77BAD00C0E1F0 /* libPocoNetSSLd.a */; };
		9085E93625F77BAD00C0E1F0 /* libPocoCryptod.a in Frameworks */ = {isa = PBXBuildFile; fileRef = 9085E93025F77BAD00C0E1F0 /* libPocoCryptod.a */; };
		9085E93725F77BAD00C0E1F0 /* libPocoJSONd.a in Frameworks */ = {isa = PBXBuildFile; fileRef = 9085E93125F77BAD00C0E1F0 /* libPocoJSONd.a */; };
		9085E93825F77BAD00C0E1F0 /* libPocoUtild.a in Frameworks */ = {isa = PBXBuildFile; fileRef = 9085E93225F77BAD00C0E1F0 /* libPocoUtild.a */; };
		9085E93925F77BAD00C0E1F0 /* libPocoNetd.a in Frameworks */ = {isa = PBXBuildFile; fileRef = 9085E93325F77BAD00C0E1F0 /* libPocoNetd.a */; };
/* End PBXBuildFile section */

/* Begin PBXCopyFilesBuildPhase section */
		9085E8CD25F7745A00C0E1F0 /* CopyFiles */ = {
			isa = PBXCopyFilesBuildPhase;
			buildActionMask = 2147483647;
			dstPath = /usr/share/man/man1/;
			dstSubfolderSpec = 0;
			files = (
			);
			runOnlyForDeploymentPostprocessing = 1;
		};
/* End PBXCopyFilesBuildPhase section */

/* Begin PBXFileReference section */
		9085E8CF25F7745A00C0E1F0 /* StockTracker */ = {isa = PBXFileReference; explicitFileType = "compiled.mach-o.executable"; includeInIndex = 0; path = StockTracker; sourceTree = BUILT_PRODUCTS_DIR; };
		9085E8DD25F7747E00C0E1F0 /* tracker.cpp */ = {isa = PBXFileReference; lastKnownFileType = sourcecode.cpp.cpp; path = tracker.cpp; sourceTree = "<group>"; };
		9085E8E125F7749900C0E1F0 /* JSONProcessor.hpp */ = {isa = PBXFileReference; lastKnownFileType = sourcecode.cpp.h; path = JSONProcessor.hpp; sourceTree = "<group>"; };
		9085E8E225F774EA00C0E1F0 /* AccountList.hpp */ = {isa = PBXFileReference; lastKnownFileType = sourcecode.cpp.h; path = AccountList.hpp; sourceTree = "<group>"; };
		9085E8E325F7750100C0E1F0 /* CSVFile.hpp */ = {isa = PBXFileReference; lastKnownFileType = sourcecode.cpp.h; path = CSVFile.hpp; sourceTree = "<group>"; };
		9085E8E425F7751900C0E1F0 /* DataFeeder.hpp */ = {isa = PBXFileReference; lastKnownFileType = sourcecode.cpp.h; path = DataFeeder.hpp; sourceTree = "<group>"; };
		9085E8E525F7752B00C0E1F0 /* Email.hpp */ = {isa = PBXFileReference; lastKnownFileType = sourcecode.cpp.h; path = Email.hpp; sourceTree = "<group>"; };
		9085E8E625F7753D00C0E1F0 /* HistoryAnalyzer.hpp */ = {isa = PBXFileReference; lastKnownFileType = sourcecode.cpp.h; path = HistoryAnalyzer.hpp; sourceTree = "<group>"; };
		9085E8E725F7755400C0E1F0 /* Oauth.hpp */ = {isa = PBXFileReference; lastKnownFileType = sourcecode.cpp.h; path = Oauth.hpp; sourceTree = "<group>"; };
		9085E8E825F7759800C0E1F0 /* OHLC.hpp */ = {isa = PBXFileReference; lastKnownFileType = sourcecode.cpp.h; path = OHLC.hpp; sourceTree = "<group>"; };
		9085E8E925F775AE00C0E1F0 /* Order.hpp */ = {isa = PBXFileReference; lastKnownFileType = sourcecode.cpp.h; path = Order.hpp; sourceTree = "<group>"; };
		9085E8EA25F775C000C0E1F0 /* Pattern.hpp */ = {isa = PBXFileReference; lastKnownFileType = sourcecode.cpp.h; path = Pattern.hpp; sourceTree = "<group>"; };
		9085E8EB25F775DA00C0E1F0 /* RSITool.hpp */ = {isa = PBXFileReference; lastKnownFileType = sourcecode.cpp.h; path = RSITool.hpp; sourceTree = "<group>"; };
		9085E8EC25F775F200C0E1F0 /* Settings.hpp */ = {isa = PBXFileReference; lastKnownFileType = sourcecode.cpp.h; path = Settings.hpp; sourceTree = "<group>"; };
		9085E8EE25F7763200C0E1F0 /* CSVFile.cpp */ = {isa = PBXFileReference; lastKnownFileType = sourcecode.cpp.cpp; path = CSVFile.cpp; sourceTree = "<group>"; };
		9085E8F225F7765900C0E1F0 /* CSVrow.hpp */ = {isa = PBXFileReference; lastKnownFileType = sourcecode.cpp.h; path = CSVrow.hpp; sourceTree = "<group>"; };
		9085E8F325F7768F00C0E1F0 /* CSVrow.cpp */ = {isa = PBXFileReference; lastKnownFileType = sourcecode.cpp.cpp; path = CSVrow.cpp; sourceTree = "<group>"; };
		9085E8F725F776B100C0E1F0 /* DataFeeder.cpp */ = {isa = PBXFileReference; lastKnownFileType = sourcecode.cpp.cpp; path = DataFeeder.cpp; sourceTree = "<group>"; };
		9085E8FA25F776C500C0E1F0 /* Email.cpp */ = {isa = PBXFileReference; lastKnownFileType = sourcecode.cpp.cpp; path = Email.cpp; sourceTree = "<group>"; };
		9085E8FD25F7786800C0E1F0 /* HistoryAnalyzer.cpp */ = {isa = PBXFileReference; lastKnownFileType = sourcecode.cpp.cpp; path = HistoryAnalyzer.cpp; sourceTree = "<group>"; };
		9085E90025F7787A00C0E1F0 /* JSONProcessor.cpp */ = {isa = PBXFileReference; lastKnownFileType = sourcecode.cpp.cpp; path = JSONProcessor.cpp; sourceTree = "<group>"; };
		9085E90325F7788A00C0E1F0 /* Oauth.cpp */ = {isa = PBXFileReference; lastKnownFileType = sourcecode.cpp.cpp; path = Oauth.cpp; sourceTree = "<group>"; };
		9085E90625F778C100C0E1F0 /* RSITool.cpp */ = {isa = PBXFileReference; lastKnownFileType = sourcecode.cpp.cpp; path = RSITool.cpp; sourceTree = "<group>"; };
		9085E90925F778D300C0E1F0 /* Settings.cpp */ = {isa = PBXFileReference; lastKnownFileType = sourcecode.cpp.cpp; path = Settings.cpp; sourceTree = "<group>"; };
		9085E90C25F778EC00C0E1F0 /* SnapshotAnalyzer.cpp */ = {isa = PBXFileReference; lastKnownFileType = sourcecode.cpp.cpp; path = SnapshotAnalyzer.cpp; sourceTree = "<group>"; };
		9085E91025F7799100C0E1F0 /* libPocoFoundation.a */ = {isa = PBXFileReference; lastKnownFileType = archive.ar; name = libPocoFoundation.a; path = ../../../../usr/local/lib/libPocoFoundation.a; sourceTree = "<group>"; };
		9085E91125F7799100C0E1F0 /* libPocoNet.a */ = {isa = PBXFileReference; lastKnownFileType = archive.ar; name = libPocoNet.a; path = ../../../../usr/local/lib/libPocoNet.a; sourceTree = "<group>"; };
		9085E91225F7799100C0E1F0 /* libPocoCrypto.a */ = {isa = PBXFileReference; lastKnownFileType = archive.ar; name = libPocoCrypto.a; path = ../../../../usr/local/lib/libPocoCrypto.a; sourceTree = "<group>"; };
		9085E91325F7799100C0E1F0 /* libPocoJSON.a */ = {isa = PBXFileReference; lastKnownFileType = archive.ar; name = libPocoJSON.a; path = ../../../../usr/local/lib/libPocoJSON.a; sourceTree = "<group>"; };
		9085E91425F7799100C0E1F0 /* libPocoNetSSL.a */ = {isa = PBXFileReference; lastKnownFileType = archive.ar; name = libPocoNetSSL.a; path = ../../../../usr/local/lib/libPocoNetSSL.a; sourceTree = "<group>"; };
		9085E91525F7799100C0E1F0 /* libPocoUtil.a */ = {isa = PBXFileReference; lastKnownFileType = archive.ar; name = libPocoUtil.a; path = ../../../../usr/local/lib/libPocoUtil.a; sourceTree = "<group>"; };
		9085E91625F7799100C0E1F0 /* libPocoXML.a */ = {isa = PBXFileReference; lastKnownFileType = archive.ar; name = libPocoXML.a; path = ../../../../usr/local/lib/libPocoXML.a; sourceTree = "<group>"; };
		9085E91E25F779C900C0E1F0 /* libssl.a */ = {isa = PBXFileReference; lastKnownFileType = archive.ar; name = libssl.a; path = "../../../../usr/local/Cellar/openssl@1.1/1.1.1i/lib/libssl.a"; sourceTree = "<group>"; };
		9085E92125F779E900C0E1F0 /* libcurl.a */ = {isa = PBXFileReference; lastKnownFileType = archive.ar; name = libcurl.a; path = ../../../../usr/local/Cellar/curl/7.74.0/lib/libcurl.a; sourceTree = "<group>"; };
		9085E92425F77A1900C0E1F0 /* libcrypto.a */ = {isa = PBXFileReference; lastKnownFileType = archive.ar; name = libcrypto.a; path = "../../../../usr/local/Cellar/openssl@1.1/1.1.1i/lib/libcrypto.a"; sourceTree = "<group>"; };
		9085E92725F77AC700C0E1F0 /* SnapshotAnalyzer.hpp */ = {isa = PBXFileReference; lastKnownFileType = sourcecode.cpp.h; path = SnapshotAnalyzer.hpp; sourceTree = "<group>"; };
		9085E92925F77B3100C0E1F0 /* libPocoFoundationd.a */ = {isa = PBXFileReference; lastKnownFileType = archive.ar; name = libPocoFoundationd.a; path = ../../../../usr/local/lib/libPocoFoundationd.a; sourceTree = "<group>"; };
		9085E92E25F77BAD00C0E1F0 /* libPocoXMLd.a */ = {isa = PBXFileReference; lastKnownFileType = archive.ar; name = libPocoXMLd.a; path = ../../../../usr/local/lib/libPocoXMLd.a; sourceTree = "<group>"; };
		9085E92F25F77BAD00C0E1F0 /* libPocoNetSSLd.a */ = {isa = PBXFileReference; lastKnownFileType = archive.ar; name = libPocoNetSSLd.a; path = ../../../../usr/local/lib/libPocoNetSSLd.a; sourceTree = "<group>"; };
		9085E93025F77BAD00C0E1F0 /* libPocoCryptod.a */ = {isa = PBXFileReference; lastKnownFileType = archive.ar; name = libPocoCryptod.a; path = ../../../../usr/local/lib/libPocoCryptod.a; sourceTree = "<group>"; };
		9085E93125F77BAD00C0E1F0 /* libPocoJSONd.a */ = {isa = PBXFileReference; lastKnownFileType = archive.ar; name = libPocoJSONd.a; path = ../../../../usr/local/lib/libPocoJSONd.a; sourceTree = "<group>"; };
		9085E93225F77BAD00C0E1F0 /* libPocoUtild.a */ = {isa = PBXFileReference; lastKnownFileType = archive.ar; name = libPocoUtild.a; path = ../../../../usr/local/lib/libPocoUtild.a; sourceTree = "<group>"; };
		9085E93325F77BAD00C0E1F0 /* libPocoNetd.a */ = {isa = PBXFileReference; lastKnownFileType = archive.ar; name = libPocoNetd.a; path = ../../../../usr/local/lib/libPocoNetd.a; sourceTree = "<group>"; };
/* End PBXFileReference section */

/* Begin PBXFrameworksBuildPhase section */
		9085E8CC25F7745A00C0E1F0 /* Frameworks */ = {
			isa = PBXFrameworksBuildPhase;
			buildActionMask = 2147483647;
			files = (
				9085E93425F77BAD00C0E1F0 /* libPocoXMLd.a in Frameworks */,
				9085E93725F77BAD00C0E1F0 /* libPocoJSONd.a in Frameworks */,
				9085E92A25F77B3100C0E1F0 /* libPocoFoundationd.a in Frameworks */,
				9085E93925F77BAD00C0E1F0 /* libPocoNetd.a in Frameworks */,
				9085E93825F77BAD00C0E1F0 /* libPocoUtild.a in Frameworks */,
				9085E93625F77BAD00C0E1F0 /* libPocoCryptod.a in Frameworks */,
				9085E93525F77BAD00C0E1F0 /* libPocoNetSSLd.a in Frameworks */,
				9085E92525F77A1900C0E1F0 /* libcrypto.a in Frameworks */,
				9085E92225F779E900C0E1F0 /* libcurl.a in Frameworks */,
				9085E91F25F779C900C0E1F0 /* libssl.a in Frameworks */,
			);
			runOnlyForDeploymentPostprocessing = 0;
		};
/* End PBXFrameworksBuildPhase section */

/* Begin PBXGroup section */
		9085E8C625F7745A00C0E1F0 = {
			isa = PBXGroup;
			children = (
				9085E8D125F7745A00C0E1F0 /* StockTracker */,
				9085E8D025F7745A00C0E1F0 /* Products */,
				9085E90F25F7799100C0E1F0 /* Frameworks */,
			);
			sourceTree = "<group>";
		};
		9085E8D025F7745A00C0E1F0 /* Products */ = {
			isa = PBXGroup;
			children = (
				9085E8CF25F7745A00C0E1F0 /* StockTracker */,
			);
			name = Products;
			sourceTree = "<group>";
		};
		9085E8D125F7745A00C0E1F0 /* StockTracker */ = {
			isa = PBXGroup;
			children = (
				9085E8DC25F7746E00C0E1F0 /* include */,
				9085E8DB25F7746900C0E1F0 /* src */,
				9085E8DD25F7747E00C0E1F0 /* tracker.cpp */,
			);
			path = StockTracker;
			sourceTree = "<group>";
		};
		9085E8DB25F7746900C0E1F0 /* src */ = {
			isa = PBXGroup;
			children = (
				9085E8EE25F7763200C0E1F0 /* CSVFile.cpp */,
				9085E8F325F7768F00C0E1F0 /* CSVrow.cpp */,
				9085E8F725F776B100C0E1F0 /* DataFeeder.cpp */,
				9085E8FA25F776C500C0E1F0 /* Email.cpp */,
				9085E8FD25F7786800C0E1F0 /* HistoryAnalyzer.cpp */,
				9085E90025F7787A00C0E1F0 /* JSONProcessor.cpp */,
				9085E90325F7788A00C0E1F0 /* Oauth.cpp */,
				9085E90625F778C100C0E1F0 /* RSITool.cpp */,
				9085E90925F778D300C0E1F0 /* Settings.cpp */,
				9085E90C25F778EC00C0E1F0 /* SnapshotAnalyzer.cpp */,
			);
			path = src;
			sourceTree = "<group>";
		};
		9085E8DC25F7746E00C0E1F0 /* include */ = {
			isa = PBXGroup;
			children = (
				9085E8E125F7749900C0E1F0 /* JSONProcessor.hpp */,
				9085E8E225F774EA00C0E1F0 /* AccountList.hpp */,
				9085E8E325F7750100C0E1F0 /* CSVFile.hpp */,
				9085E8E425F7751900C0E1F0 /* DataFeeder.hpp */,
				9085E8E525F7752B00C0E1F0 /* Email.hpp */,
				9085E8E625F7753D00C0E1F0 /* HistoryAnalyzer.hpp */,
				9085E8E725F7755400C0E1F0 /* Oauth.hpp */,
				9085E8E825F7759800C0E1F0 /* OHLC.hpp */,
				9085E8E925F775AE00C0E1F0 /* Order.hpp */,
				9085E8EA25F775C000C0E1F0 /* Pattern.hpp */,
				9085E8EB25F775DA00C0E1F0 /* RSITool.hpp */,
				9085E8EC25F775F200C0E1F0 /* Settings.hpp */,
				9085E8F225F7765900C0E1F0 /* CSVrow.hpp */,
				9085E92725F77AC700C0E1F0 /* SnapshotAnalyzer.hpp */,
			);
			path = include;
			sourceTree = "<group>";
		};
		9085E90F25F7799100C0E1F0 /* Frameworks */ = {
			isa = PBXGroup;
			children = (
				9085E93025F77BAD00C0E1F0 /* libPocoCryptod.a */,
				9085E93125F77BAD00C0E1F0 /* libPocoJSONd.a */,
				9085E93325F77BAD00C0E1F0 /* libPocoNetd.a */,
				9085E92F25F77BAD00C0E1F0 /* libPocoNetSSLd.a */,
				9085E93225F77BAD00C0E1F0 /* libPocoUtild.a */,
				9085E92E25F77BAD00C0E1F0 /* libPocoXMLd.a */,
				9085E92925F77B3100C0E1F0 /* libPocoFoundationd.a */,
				9085E92425F77A1900C0E1F0 /* libcrypto.a */,
				9085E92125F779E900C0E1F0 /* libcurl.a */,
				9085E91E25F779C900C0E1F0 /* libssl.a */,
				9085E91225F7799100C0E1F0 /* libPocoCrypto.a */,
				9085E91025F7799100C0E1F0 /* libPocoFoundation.a */,
				9085E91325F7799100C0E1F0 /* libPocoJSON.a */,
				9085E91125F7799100C0E1F0 /* libPocoNet.a */,
				9085E91425F7799100C0E1F0 /* libPocoNetSSL.a */,
				9085E91525F7799100C0E1F0 /* libPocoUtil.a */,
				9085E91625F7799100C0E1F0 /* libPocoXML.a */,
			);
			name = Frameworks;
			sourceTree = "<group>";
		};
/* End PBXGroup section */

/* Begin PBXNativeTarget section */
		9085E8CE25F7745A00C0E1F0 /* StockTracker */ = {
			isa = PBXNativeTarget;
			buildConfigurationList = 9085E8D625F7745A00C0E1F0 /* Build configuration list for PBXNativeTarget "StockTracker" */;
			buildPhases = (
				9085E8CB25F7745A00C0E1F0 /* Sources */,
				9085E8CC25F7745A00C0E1F0 /* Frameworks */,
				9085E8CD25F7745A00C0E1F0 /* CopyFiles */,
			);
			buildRules = (
			);
			dependencies = (
			);
			name = StockTracker;
			productName = StockTracker;
			productReference = 9085E8CF25F7745A00C0E1F0 /* StockTracker */;
			productType = "com.apple.product-type.tool";
		};
/* End PBXNativeTarget section */

/* Begin PBXProject section */
		9085E8C725F7745A00C0E1F0 /* Project object */ = {
			isa = PBXProject;
			attributes = {
				LastUpgradeCheck = 1230;
				TargetAttributes = {
					9085E8CE25F7745A00C0E1F0 = {
						CreatedOnToolsVersion = 12.3;
					};
				};
			};
			buildConfigurationList = 9085E8CA25F7745A00C0E1F0 /* Build configuration list for PBXProject "StockTracker" */;
			compatibilityVersion = "Xcode 9.3";
			developmentRegion = en;
			hasScannedForEncodings = 0;
			knownRegions = (
				en,
				Base,
			);
			mainGroup = 9085E8C625F7745A00C0E1F0;
			productRefGroup = 9085E8D025F7745A00C0E1F0 /* Products */;
			projectDirPath = "";
			projectRoot = "";
			targets = (
				9085E8CE25F7745A00C0E1F0 /* StockTracker */,
			);
		};
/* End PBXProject section */

/* Begin PBXSourcesBuildPhase section */
		9085E8CB25F7745A00C0E1F0 /* Sources */ = {
			isa = PBXSourcesBuildPhase;
			buildActionMask = 2147483647;
			files = (
				9085E90125F7787A00C0E1F0 /* JSONProcessor.cpp in Sources */,
				9085E8F825F776B100C0E1F0 /* DataFeeder.cpp in Sources */,
				9085E90A25F778D300C0E1F0 /* Settings.cpp in Sources */,
				9085E8F425F7768F00C0E1F0 /* CSVrow.cpp in Sources */,
				9085E90425F7788A00C0E1F0 /* Oauth.cpp in Sources */,
				9085E8FE25F7786800C0E1F0 /* HistoryAnalyzer.cpp in Sources */,
				9085E8EF25F7763200C0E1F0 /* CSVFile.cpp in Sources */,
				9085E90D25F778EC00C0E1F0 /* SnapshotAnalyzer.cpp in Sources */,
				9085E90725F778C100C0E1F0 /* RSITool.cpp in Sources */,
				9085E8FB25F776C500C0E1F0 /* Email.cpp in Sources */,
				9085E8DE25F7747E00C0E1F0 /* tracker.cpp in Sources */,
			);
			runOnlyForDeploymentPostprocessing = 0;
		};
/* End PBXSourcesBuildPhase section */

/* Begin XCBuildConfiguration section */
		9085E8D425F7745A00C0E1F0 /* Debug */ = {
			isa = XCBuildConfiguration;
			buildSettings = {
				ALWAYS_SEARCH_USER_PATHS = NO;
				CLANG_ANALYZER_NONNULL = YES;
				CLANG_ANALYZER_NUMBER_OBJECT_CONVERSION = YES_AGGRESSIVE;
				CLANG_CXX_LANGUAGE_STANDARD = "gnu++14";
				CLANG_CXX_LIBRARY = "libc++";
				CLANG_ENABLE_MODULES = YES;
				CLANG_ENABLE_OBJC_ARC = YES;
				CLANG_ENABLE_OBJC_WEAK = YES;
				CLANG_WARN_BLOCK_CAPTURE_AUTORELEASING = YES;
				CLANG_WARN_BOOL_CONVERSION = YES;
				CLANG_WARN_COMMA = YES;
				CLANG_WARN_CONSTANT_CONVERSION = YES;
				CLANG_WARN_DEPRECATED_OBJC_IMPLEMENTATIONS = YES;
				CLANG_WARN_DIRECT_OBJC_ISA_USAGE = YES_ERROR;
				CLANG_WARN_DOCUMENTATION_COMMENTS = YES;
				CLANG_WARN_EMPTY_BODY = YES;
				CLANG_WARN_ENUM_CONVERSION = YES;
				CLANG_WARN_INFINITE_RECURSION = YES;
				CLANG_WARN_INT_CONVERSION = YES;
				CLANG_WARN_NON_LITERAL_NULL_CONVERSION = YES;
				CLANG_WARN_OBJC_IMPLICIT_RETAIN_SELF = YES;
				CLANG_WARN_OBJC_LITERAL_CONVERSION = YES;
				CLANG_WARN_OBJC_ROOT_CLASS = YES_ERROR;
				CLANG_WARN_QUOTED_INCLUDE_IN_FRAMEWORK_HEADER = YES;
				CLANG_WARN_RANGE_LOOP_ANALYSIS = YES;
				CLANG_WARN_STRICT_PROTOTYPES = YES;
				CLANG_WARN_SUSPICIOUS_MOVE = YES;
				CLANG_WARN_UNGUARDED_AVAILABILITY = YES_AGGRESSIVE;
				CLANG_WARN_UNREACHABLE_CODE = YES;
				CLANG_WARN__DUPLICATE_METHOD_MATCH = YES;
				COPY_PHASE_STRIP = NO;
				DEBUG_INFORMATION_FORMAT = dwarf;
				ENABLE_STRICT_OBJC_MSGSEND = YES;
				ENABLE_TESTABILITY = YES;
				GCC_C_LANGUAGE_STANDARD = gnu11;
				GCC_DYNAMIC_NO_PIC = NO;
				GCC_NO_COMMON_BLOCKS = YES;
				GCC_OPTIMIZATION_LEVEL = 0;
				GCC_PREPROCESSOR_DEFINITIONS = (
					"DEBUG=1",
					"$(inherited)",
				);
				GCC_WARN_64_TO_32_BIT_CONVERSION = YES;
				GCC_WARN_ABOUT_RETURN_TYPE = YES_ERROR;
				GCC_WARN_UNDECLARED_SELECTOR = YES;
				GCC_WARN_UNINITIALIZED_AUTOS = YES_AGGRESSIVE;
				GCC_WARN_UNUSED_FUNCTION = YES;
				GCC_WARN_UNUSED_VARIABLE = YES;
				HEADER_SEARCH_PATHS = (
					/usr/local/include,
					/usr/local/Cellar/curl/7.74.0/include,
					"/usr/local/Cellar/openssl@1.1/1.1.1i/include",
				);
				MACOSX_DEPLOYMENT_TARGET = 11.1;
				MTL_ENABLE_DEBUG_INFO = INCLUDE_SOURCE;
				MTL_FAST_MATH = YES;
				ONLY_ACTIVE_ARCH = YES;
				SDKROOT = macosx;
			};
			name = Debug;
		};
		9085E8D525F7745A00C0E1F0 /* Release */ = {
			isa = XCBuildConfiguration;
			buildSettings = {
				ALWAYS_SEARCH_USER_PATHS = NO;
				CLANG_ANALYZER_NONNULL = YES;
				CLANG_ANALYZER_NUMBER_OBJECT_CONVERSION = YES_AGGRESSIVE;
				CLANG_CXX_LANGUAGE_STANDARD = "gnu++14";
				CLANG_CXX_LIBRARY = "libc++";
				CLANG_ENABLE_MODULES = YES;
				CLANG_ENABLE_OBJC_ARC = YES;
				CLANG_ENABLE_OBJC_WEAK = YES;
				CLANG_WARN_BLOCK_CAPTURE_AUTORELEASING = YES;
				CLANG_WARN_BOOL_CONVERSION = YES;
				CLANG_WARN_COMMA = YES;
				CLANG_WARN_CONSTANT_CONVERSION = YES;
				CLANG_WARN_DEPRECATED_OBJC_IMPLEMENTATIONS = YES;
				CLANG_WARN_DIRECT_OBJC_ISA_USAGE = YES_ERROR;
				CLANG_WARN_DOCUMENTATION_COMMENTS = YES;
				CLANG_WARN_EMPTY_BODY = YES;
				CLANG_WARN_ENUM_CONVERSION = YES;
				CLANG_WARN_INFINITE_RECURSION = YES;
				CLANG_WARN_INT_CONVERSION = YES;
				CLANG_WARN_NON_LITERAL_NULL_CONVERSION = YES;
				CLANG_WARN_OBJC_IMPLICIT_RETAIN_SELF = YES;
				CLANG_WARN_OBJC_LITERAL_CONVERSION = YES;
				CLANG_WARN_OBJC_ROOT_CLASS = YES_ERROR;
				CLANG_WARN_QUOTED_INCLUDE_IN_FRAMEWORK_HEADER = YES;
				CLANG_WARN_RANGE_LOOP_ANALYSIS = YES;
				CLANG_WARN_STRICT_PROTOTYPES = YES;
				CLANG_WARN_SUSPICIOUS_MOVE = YES;
				CLANG_WARN_UNGUARDED_AVAILABILITY = YES_AGGRESSIVE;
				CLANG_WARN_UNREACHABLE_CODE = YES;
				CLANG_WARN__DUPLICATE_METHOD_MATCH = YES;
				COPY_PHASE_STRIP = NO;
				DEBUG_INFORMATION_FORMAT = "dwarf-with-dsym";
				ENABLE_NS_ASSERTIONS = NO;
				ENABLE_STRICT_OBJC_MSGSEND = YES;
				GCC_C_LANGUAGE_STANDARD = gnu11;
				GCC_NO_COMMON_BLOCKS = YES;
				GCC_WARN_64_TO_32_BIT_CONVERSION = YES;
				GCC_WARN_ABOUT_RETURN_TYPE = YES_ERROR;
				GCC_WARN_UNDECLARED_SELECTOR = YES;
				GCC_WARN_UNINITIALIZED_AUTOS = YES_AGGRESSIVE;
				GCC_WARN_UNUSED_FUNCTION = YES;
				GCC_WARN_UNUSED_VARIABLE = YES;
				HEADER_SEARCH_PATHS = (
					/usr/local/include,
					/usr/local/Cellar/curl/7.74.0/include,
					"/usr/local/Cellar/openssl@1.1/1.1.1i/include",
				);
				MACOSX_DEPLOYMENT_TARGET = 11.1;
				MTL_ENABLE_DEBUG_INFO = NO;
				MTL_FAST_MATH = YES;
				SDKROOT = macosx;
			};
			name = Release;
		};
		9085E8D725F7745A00C0E1F0 /* Debug */ = {
			isa = XCBuildConfiguration;
			buildSettings = {
				CODE_SIGN_STYLE = Automatic;
				LIBRARY_SEARCH_PATHS = (
					"$(inherited)",
					"/usr/local/Cellar/openssl@1.1/1.1.1i/lib",
					/usr/local/Cellar/curl/7.74.0/lib,
					/usr/local/lib,
				);
				PRODUCT_NAME = "$(TARGET_NAME)";
			};
			name = Debug;
		};
		9085E8D825F7745A00C0E1F0 /* Release */ = {
			isa = XCBuildConfiguration;
			buildSettings = {
				CODE_SIGN_STYLE = Automatic;
				LIBRARY_SEARCH_PATHS = (
					"$(inherited)",
					"/usr/local/Cellar/openssl@1.1/1.1.1i/lib",
					/usr/local/Cellar/curl/7.74.0/lib,
					/usr/local/lib,
				);
				PRODUCT_NAME = "$(TARGET_NAME)";
			};
			name = Release;
		};
/* End XCBuildConfiguration section */

/* Begin XCConfigurationList section */
		9085E8CA25F7745A00C0E1F0 /* Build configuration list for PBXProject "StockTracker" */ = {
			isa = XCConfigurationList;
			buildConfigurations = (
				9085E8D425F7745A00C0E1F0 /* Debug */,
				9085E8D525F7745A00C0E1F0 /* Release */,
			);
			defaultConfigurationIsVisible = 0;
			defaultConfigurationName = Release;
		};
		9085E8D625F7745A00C0E1F0 /* Build configuration list for PBXNativeTarget "StockTracker" */ = {
			isa = XCConfigurationList;
			buildConfigurations = (
				9085E8D725F7745A00C0E1F0 /* Debug */,
				9085E8D825F7745A00C0E1F0 /* Release */,
			);
			defaultConfigurationIsVisible = 0;
			defaultConfigurationName = Release;
		};
/* End XCConfigurationList section */
	};
	rootObject = 9085E8C725F7745A00C0E1F0 /* Project object */;
}
